
Microsoft Visual Studio Solution File, Format Version 12.00
Project("{FAE04EC0-301F-11D3-BF4B-00C04F79EFBC}") = "LoreDrop.Web", "LoreDrop.Web\LoreDrop.Web.csproj", "{4BC9B891-1B77-4331-829F-74642203477E}"
EndProject
Project("{2150E333-8FDC-42A3-9474-1A3956D46DE8}") = "Web", "Web", "{B2F0E042-8C90-4493-80D7-C6A13F3E136D}"
EndProject
Project("{2150E333-8FDC-42A3-9474-1A3956D46DE8}") = "Data", "Data", "{2E9D0354-E5E4-4213-B925-2E7868C8DDCF}"
EndProject
Project("{2150E333-8FDC-42A3-9474-1A3956D46DE8}") = "Services", "Services", "{BFE68F07-10BA-4664-8DDB-B7B65049F74A}"
EndProject
Project("{2150E333-8FDC-42A3-9474-1A3956D46DE8}") = "Tests", "Tests", "{FDA2A3C0-036B-47CF-86D6-5C4AC996E4A6}"
EndProject
Project("{FAE04EC0-301F-11D3-BF4B-00C04F79EFBC}") = "LoreDrop.Data.Models", "LoreDrop.Data.Models\LoreDrop.Data.Models.csproj", "{32CB5055-D1E1-471A-BA53-E301D231190C}"
EndProject
Project("{FAE04EC0-301F-11D3-BF4B-00C04F79EFBC}") = "LoreDrop.Services.Core", "LoreDrop.Services.Core\LoreDrop.Services.Core.csproj", "{474E77A3-C6CE-4F49-9281-72CC33778313}"
EndProject
Project("{FAE04EC0-301F-11D3-BF4B-00C04F79EFBC}") = "LoreDrop.Data", "LoreDrop.Data\LoreDrop.Data.csproj", "{2FA43F32-C0EF-4B0C-AE04-7606E866B367}"
EndProject
Project("{FAE04EC0-301F-11D3-BF4B-00C04F79EFBC}") = "LoreDrop.GCommon", "LoreDrop.GCommon\LoreDrop.GCommon.csproj", "{EA0BE824-4188-4F30-85C3-BDFE85ACDA12}"
EndProject
Project("{FAE04EC0-301F-11D3-BF4B-00C04F79EFBC}") = "LoreDrop.Web.ViewModels", "LoreDrop.Web.ViewModels\LoreDrop.Web.ViewModels.csproj", "{CB112116-8A3F-42D9-8306-47B9A0D1321A}"
EndProject
Global
	GlobalSection(SolutionConfigurationPlatforms) = preSolution
		Debug|Any CPU = Debug|Any CPU
		Release|Any CPU = Release|Any CPU
	EndGlobalSection
	GlobalSection(ProjectConfigurationPlatforms) = postSolution
		{4BC9B891-1B77-4331-829F-74642203477E}.Debug|Any CPU.ActiveCfg = Debug|Any CPU
		{4BC9B891-1B77-4331-829F-74642203477E}.Debug|Any CPU.Build.0 = Debug|Any CPU
		{4BC9B891-1B77-4331-829F-74642203477E}.Release|Any CPU.ActiveCfg = Release|Any CPU
		{4BC9B891-1B77-4331-829F-74642203477E}.Release|Any CPU.Build.0 = Release|Any CPU
		{32CB5055-D1E1-471A-BA53-E301D231190C}.Debug|Any CPU.ActiveCfg = Debug|Any CPU
		{32CB5055-D1E1-471A-BA53-E301D231190C}.Debug|Any CPU.Build.0 = Debug|Any CPU
		{32CB5055-D1E1-471A-BA53-E301D231190C}.Release|Any CPU.ActiveCfg = Release|Any CPU
		{32CB5055-D1E1-471A-BA53-E301D231190C}.Release|Any CPU.Build.0 = Release|Any CPU
		{474E77A3-C6CE-4F49-9281-72CC33778313}.Debug|Any CPU.ActiveCfg = Debug|Any CPU
		{474E77A3-C6CE-4F49-9281-72CC33778313}.Debug|Any CPU.Build.0 = Debug|Any CPU
		{474E77A3-C6CE-4F49-9281-72CC33778313}.Release|Any CPU.ActiveCfg = Release|Any CPU
		{474E77A3-C6CE-4F49-9281-72CC33778313}.Release|Any CPU.Build.0 = Release|Any CPU
		{2FA43F32-C0EF-4B0C-AE04-7606E866B367}.Debug|Any CPU.ActiveCfg = Debug|Any CPU
		{2FA43F32-C0EF-4B0C-AE04-7606E866B367}.Debug|Any CPU.Build.0 = Debug|Any CPU
		{2FA43F32-C0EF-4B0C-AE04-7606E866B367}.Release|Any CPU.ActiveCfg = Release|Any CPU
		{2FA43F32-C0EF-4B0C-AE04-7606E866B367}.Release|Any CPU.Build.0 = Release|Any CPU
		{EA0BE824-4188-4F30-85C3-BDFE85ACDA12}.Debug|Any CPU.ActiveCfg = Debug|Any CPU
		{EA0BE824-4188-4F30-85C3-BDFE85ACDA12}.Debug|Any CPU.Build.0 = Debug|Any CPU
		{EA0BE824-4188-4F30-85C3-BDFE85ACDA12}.Release|Any CPU.ActiveCfg = Release|Any CPU
		{EA0BE824-4188-4F30-85C3-BDFE85ACDA12}.Release|Any CPU.Build.0 = Release|Any CPU
		{CB112116-8A3F-42D9-8306-47B9A0D1321A}.Debug|Any CPU.ActiveCfg = Debug|Any CPU
		{CB112116-8A3F-42D9-8306-47B9A0D1321A}.Debug|Any CPU.Build.0 = Debug|Any CPU
		{CB112116-8A3F-42D9-8306-47B9A0D1321A}.Release|Any CPU.ActiveCfg = Release|Any CPU
		{CB112116-8A3F-42D9-8306-47B9A0D1321A}.Release|Any CPU.Build.0 = Release|Any CPU
	EndGlobalSection
	GlobalSection(NestedProjects) = preSolution
		{4BC9B891-1B77-4331-829F-74642203477E} = {B2F0E042-8C90-4493-80D7-C6A13F3E136D}
		{32CB5055-D1E1-471A-BA53-E301D231190C} = {2E9D0354-E5E4-4213-B925-2E7868C8DDCF}
		{474E77A3-C6CE-4F49-9281-72CC33778313} = {BFE68F07-10BA-4664-8DDB-B7B65049F74A}
		{2FA43F32-C0EF-4B0C-AE04-7606E866B367} = {2E9D0354-E5E4-4213-B925-2E7868C8DDCF}
		{CB112116-8A3F-42D9-8306-47B9A0D1321A} = {B2F0E042-8C90-4493-80D7-C6A13F3E136D}
	EndGlobalSection
EndGlobal
